
Microsoft Visual Studio Solution File, Format Version 12.00
# Visual Studio 15
VisualStudioVersion = 15.0.27130.2020
MinimumVisualStudioVersion = 10.0.40219.1
Project("{FAE04EC0-301F-11D3-BF4B-00C04F79EFBC}") = "serialcom", "serialcom\serialcom.csproj", "{BD200DEC-AB24-4C98-ACFB-81795EBE27DA}"
EndProject
Global
	GlobalSection(SolutionConfigurationPlatforms) = preSolution
		Debug|Any CPU = Debug|Any CPU
		Release|Any CPU = Release|Any CPU
	EndGlobalSection
	GlobalSection(ProjectConfigurationPlatforms) = postSolution
		{BD200DEC-AB24-4C98-ACFB-81795EBE27DA}.Debug|Any CPU.ActiveCfg = Debug|Any CPU
		{BD200DEC-AB24-4C98-ACFB-81795EBE27DA}.Debug|Any CPU.Build.0 = Debug|Any CPU
		{BD200DEC-AB24-4C98-ACFB-81795EBE27DA}.Release|Any CPU.ActiveCfg = Release|Any CPU
		{BD200DEC-AB24-4C98-ACFB-81795EBE27DA}.Release|Any CPU.Build.0 = Release|Any CPU
	EndGlobalSection
	GlobalSection(SolutionProperties) = preSolution
		HideSolutionNode = FALSE
	EndGlobalSection
	GlobalSection(ExtensibilityGlobals) = postSolution
		SolutionGuid = {08002B50-0E05-4D06-93DA-24EEFCA9F936}
	EndGlobalSection
EndGlobal
