
Microsoft Visual Studio Solution File, Format Version 12.00
# Visual Studio 15
VisualStudioVersion = 15.0.27130.2020
MinimumVisualStudioVersion = 10.0.40219.1
Project("{FAE04EC0-301F-11D3-BF4B-00C04F79EFBC}") = "Complexnumber", "Complexnumber\Complexnumber.csproj", "{05514671-94CE-4700-9242-250594278120}"
EndProject
Global
	GlobalSection(SolutionConfigurationPlatforms) = preSolution
		Debug|Any CPU = Debug|Any CPU
		Release|Any CPU = Release|Any CPU
	EndGlobalSection
	GlobalSection(ProjectConfigurationPlatforms) = postSolution
		{05514671-94CE-4700-9242-250594278120}.Debug|Any CPU.ActiveCfg = Debug|Any CPU
		{05514671-94CE-4700-9242-250594278120}.Debug|Any CPU.Build.0 = Debug|Any CPU
		{05514671-94CE-4700-9242-250594278120}.Release|Any CPU.ActiveCfg = Release|Any CPU
		{05514671-94CE-4700-9242-250594278120}.Release|Any CPU.Build.0 = Release|Any CPU
	EndGlobalSection
	GlobalSection(SolutionProperties) = preSolution
		HideSolutionNode = FALSE
	EndGlobalSection
	GlobalSection(ExtensibilityGlobals) = postSolution
		SolutionGuid = {F4F1185F-60B6-4C0A-8AC5-DC5570D87CF7}
	EndGlobalSection
EndGlobal
